
Microsoft Visual Studio Solution File, Format Version 12.00
# Visual Studio Version 16
VisualStudioVersion = 16.0.30523.141
MinimumVisualStudioVersion = 10.0.40219.1
Project("{FAE04EC0-301F-11D3-BF4B-00C04F79EFBC}") = "HelloWorld", "HelloWorld\HelloWorld.csproj", "{609794FC-5089-4F1C-BB59-A657556376C2}"
EndProject
Project("{2150E333-8FDC-42A3-9474-1A3956D46DE8}") = "Section2", "Section2", "{BBB20900-18D3-4CC4-906F-088AE1B66883}"
EndProject
Project("{FAE04EC0-301F-11D3-BF4B-00C04F79EFBC}") = "ClassLibraryPractice", "ClassLibraryPractice\ClassLibraryPractice.csproj", "{5C93F3F7-26F9-425E-A12D-2E5D8A417611}"
EndProject
Project("{FAE04EC0-301F-11D3-BF4B-00C04F79EFBC}") = "ClassLibraryTest", "ClassLibraryTest\ClassLibraryTest.csproj", "{EF739081-2475-44B5-BF8A-4F161C5A37BC}"
EndProject
Global
	GlobalSection(SolutionConfigurationPlatforms) = preSolution
		Debug|Any CPU = Debug|Any CPU
		Release|Any CPU = Release|Any CPU
	EndGlobalSection
	GlobalSection(ProjectConfigurationPlatforms) = postSolution
		{609794FC-5089-4F1C-BB59-A657556376C2}.Debug|Any CPU.ActiveCfg = Debug|Any CPU
		{609794FC-5089-4F1C-BB59-A657556376C2}.Debug|Any CPU.Build.0 = Debug|Any CPU
		{609794FC-5089-4F1C-BB59-A657556376C2}.Release|Any CPU.ActiveCfg = Release|Any CPU
		{609794FC-5089-4F1C-BB59-A657556376C2}.Release|Any CPU.Build.0 = Release|Any CPU
		{5C93F3F7-26F9-425E-A12D-2E5D8A417611}.Debug|Any CPU.ActiveCfg = Debug|Any CPU
		{5C93F3F7-26F9-425E-A12D-2E5D8A417611}.Debug|Any CPU.Build.0 = Debug|Any CPU
		{5C93F3F7-26F9-425E-A12D-2E5D8A417611}.Release|Any CPU.ActiveCfg = Release|Any CPU
		{5C93F3F7-26F9-425E-A12D-2E5D8A417611}.Release|Any CPU.Build.0 = Release|Any CPU
		{EF739081-2475-44B5-BF8A-4F161C5A37BC}.Debug|Any CPU.ActiveCfg = Debug|Any CPU
		{EF739081-2475-44B5-BF8A-4F161C5A37BC}.Debug|Any CPU.Build.0 = Debug|Any CPU
		{EF739081-2475-44B5-BF8A-4F161C5A37BC}.Release|Any CPU.ActiveCfg = Release|Any CPU
		{EF739081-2475-44B5-BF8A-4F161C5A37BC}.Release|Any CPU.Build.0 = Release|Any CPU
	EndGlobalSection
	GlobalSection(SolutionProperties) = preSolution
		HideSolutionNode = FALSE
	EndGlobalSection
	GlobalSection(NestedProjects) = preSolution
		{5C93F3F7-26F9-425E-A12D-2E5D8A417611} = {BBB20900-18D3-4CC4-906F-088AE1B66883}
		{EF739081-2475-44B5-BF8A-4F161C5A37BC} = {BBB20900-18D3-4CC4-906F-088AE1B66883}
	EndGlobalSection
	GlobalSection(ExtensibilityGlobals) = postSolution
		SolutionGuid = {34EF646D-18BB-4E82-9BB2-5C8B907CB55D}
	EndGlobalSection
EndGlobal
